
Microsoft Visual Studio Solution File, Format Version 12.00
# Visual Studio 2013
VisualStudioVersion = 12.0.30501.0
MinimumVisualStudioVersion = 10.0.40219.1
Project("{8BC9CEB8-8B4A-11D0-8D11-00A0C91BC942}") = "BryceGrahamExercise0", "BryceGrahamExercise0\BryceGrahamExercise0.vcxproj", "{9608D56B-D8C6-4632-A6A8-48110EC9B8C9}"
EndProject
Global
	GlobalSection(SolutionConfigurationPlatforms) = preSolution
		Debug|Win32 = Debug|Win32
		Release|Win32 = Release|Win32
	EndGlobalSection
	GlobalSection(ProjectConfigurationPlatforms) = postSolution
		{9608D56B-D8C6-4632-A6A8-48110EC9B8C9}.Debug|Win32.ActiveCfg = Debug|Win32
		{9608D56B-D8C6-4632-A6A8-48110EC9B8C9}.Debug|Win32.Build.0 = Debug|Win32
		{9608D56B-D8C6-4632-A6A8-48110EC9B8C9}.Release|Win32.ActiveCfg = Release|Win32
		{9608D56B-D8C6-4632-A6A8-48110EC9B8C9}.Release|Win32.Build.0 = Release|Win32
	EndGlobalSection
	GlobalSection(SolutionProperties) = preSolution
		HideSolutionNode = FALSE
	EndGlobalSection
EndGlobal
